
Microsoft Visual Studio Solution File, Format Version 12.00
# Visual Studio Version 17
VisualStudioVersion = 17.9.34728.123
MinimumVisualStudioVersion = 10.0.40219.1
Project("{FAE04EC0-301F-11D3-BF4B-00C04F79EFBC}") = "ExerciseComposition", "ExerciseComposition.csproj", "{0F0A8203-7A77-4530-BFD9-A6EECC652F1E}"
EndProject
Global
	GlobalSection(SolutionConfigurationPlatforms) = preSolution
		Debug|Any CPU = Debug|Any CPU
		Release|Any CPU = Release|Any CPU
	EndGlobalSection
	GlobalSection(ProjectConfigurationPlatforms) = postSolution
		{0F0A8203-7A77-4530-BFD9-A6EECC652F1E}.Debug|Any CPU.ActiveCfg = Debug|Any CPU
		{0F0A8203-7A77-4530-BFD9-A6EECC652F1E}.Debug|Any CPU.Build.0 = Debug|Any CPU
		{0F0A8203-7A77-4530-BFD9-A6EECC652F1E}.Release|Any CPU.ActiveCfg = Release|Any CPU
		{0F0A8203-7A77-4530-BFD9-A6EECC652F1E}.Release|Any CPU.Build.0 = Release|Any CPU
	EndGlobalSection
	GlobalSection(SolutionProperties) = preSolution
		HideSolutionNode = FALSE
	EndGlobalSection
	GlobalSection(ExtensibilityGlobals) = postSolution
		SolutionGuid = {51F24266-D076-427E-9CDA-9FF19DFD88F9}
	EndGlobalSection
EndGlobal
